
Microsoft Visual Studio Solution File, Format Version 12.00
Project("{2150E333-8FDC-42A3-9474-1A3956D46DE8}") = "Sources", "Sources", "{5787FD68-F439-475C-AA0A-BFC8BC4667DD}"
EndProject
Project("{FAE04EC0-301F-11D3-BF4B-00C04F79EFBC}") = "Falko.Logging", "Falko.Logging\Falko.Logging.csproj", "{BAD8C885-85C2-4F39-8F41-260089153339}"
EndProject
Project("{FAE04EC0-301F-11D3-BF4B-00C04F79EFBC}") = "Ex", "Ex\Ex.csproj", "{F469BE40-4635-44ED-ABF7-AA4CDD98E1DC}"
EndProject
Global
	GlobalSection(SolutionConfigurationPlatforms) = preSolution
		Debug|Any CPU = Debug|Any CPU
		Release|Any CPU = Release|Any CPU
	EndGlobalSection
	GlobalSection(NestedProjects) = preSolution
		{BAD8C885-85C2-4F39-8F41-260089153339} = {5787FD68-F439-475C-AA0A-BFC8BC4667DD}
		{F469BE40-4635-44ED-ABF7-AA4CDD98E1DC} = {5787FD68-F439-475C-AA0A-BFC8BC4667DD}
	EndGlobalSection
	GlobalSection(ProjectConfigurationPlatforms) = postSolution
		{BAD8C885-85C2-4F39-8F41-260089153339}.Debug|Any CPU.ActiveCfg = Debug|Any CPU
		{BAD8C885-85C2-4F39-8F41-260089153339}.Debug|Any CPU.Build.0 = Debug|Any CPU
		{BAD8C885-85C2-4F39-8F41-260089153339}.Release|Any CPU.ActiveCfg = Release|Any CPU
		{BAD8C885-85C2-4F39-8F41-260089153339}.Release|Any CPU.Build.0 = Release|Any CPU
		{F469BE40-4635-44ED-ABF7-AA4CDD98E1DC}.Debug|Any CPU.ActiveCfg = Debug|Any CPU
		{F469BE40-4635-44ED-ABF7-AA4CDD98E1DC}.Debug|Any CPU.Build.0 = Debug|Any CPU
		{F469BE40-4635-44ED-ABF7-AA4CDD98E1DC}.Release|Any CPU.ActiveCfg = Release|Any CPU
		{F469BE40-4635-44ED-ABF7-AA4CDD98E1DC}.Release|Any CPU.Build.0 = Release|Any CPU
	EndGlobalSection
EndGlobal
